{
  "projects": [
    {
      "projectId": "iDBRKAPkGAJGJDHPJiLdSk",
      "version": "1.0.0",
      "dependencies": {},
      "lang": "ts",
      "fileLocks": [
        {
          "type": "renderModule",
          "assetId": "W5b0V4_JmHYlf",
          "checksum": "00866d546ec00460674260e6d5f22031"
        },
        {
          "type": "cssRules",
          "assetId": "W5b0V4_JmHYlf",
          "checksum": "00866d546ec00460674260e6d5f22031"
        },
        {
          "type": "renderModule",
          "assetId": "WRmaEQO_6qx2h",
          "checksum": "cb79249563e96af2b9e0ec5edd74ad86"
        },
        {
          "type": "cssRules",
          "assetId": "WRmaEQO_6qx2h",
          "checksum": "cb79249563e96af2b9e0ec5edd74ad86"
        },
        {
          "type": "renderModule",
          "assetId": "d_tKrasPB8PCN",
          "checksum": "3af790ad9c745f1f21a2b38d0fd96db2"
        },
        {
          "type": "cssRules",
          "assetId": "d_tKrasPB8PCN",
          "checksum": "3af790ad9c745f1f21a2b38d0fd96db2"
        },
        {
          "type": "renderModule",
          "assetId": "JBOg022ieg8Ip",
          "checksum": "a83526b9450fc7748810534bb5da509e"
        },
        {
          "type": "cssRules",
          "assetId": "JBOg022ieg8Ip",
          "checksum": "a83526b9450fc7748810534bb5da509e"
        },
        {
          "type": "renderModule",
          "assetId": "JX9-2bz0PXlZ4",
          "checksum": "5ff16adaedc436dae6768dbd69b4cdd8"
        },
        {
          "type": "cssRules",
          "assetId": "JX9-2bz0PXlZ4",
          "checksum": "5ff16adaedc436dae6768dbd69b4cdd8"
        },
        {
          "type": "renderModule",
          "assetId": "HJ5nLaIXID",
          "checksum": "6d75b1bedd7e3ee38d7a2e7a06ad8dad"
        },
        {
          "type": "cssRules",
          "assetId": "HJ5nLaIXID",
          "checksum": "6d75b1bedd7e3ee38d7a2e7a06ad8dad"
        },
        {
          "type": "renderModule",
          "assetId": "XQA6zh3cTBE",
          "checksum": "8c9175f7c62b71219ce5aaabf3be37b2"
        },
        {
          "type": "cssRules",
          "assetId": "XQA6zh3cTBE",
          "checksum": "8c9175f7c62b71219ce5aaabf3be37b2"
        },
        {
          "assetId": "iDBRKAPkGAJGJDHPJiLdSk",
          "type": "projectCss",
          "checksum": "ea74ba05b72f5f3ee06f6ba5a6fb8da2"
        }
      ],
      "codegenVersion": "0.0.1"
    }
  ],
  "cliVersion": "0.1.186"
}
