{
  "projects": [
    {
      "projectId": "iDBRKAPkGAJGJDHPJiLdSk",
      "version": "latest",
      "dependencies": {},
      "lang": "ts",
      "fileLocks": [
        {
          "assetId": "iDBRKAPkGAJGJDHPJiLdSk",
          "type": "projectCss",
          "checksum": "c4997d048420be55d8e35cdf191c8b14"
        },
        {
          "type": "renderModule",
          "assetId": "W5b0V4_JmHYlf",
          "checksum": "ee57da563af3bcba1f0f067919fd42c3"
        },
        {
          "type": "cssRules",
          "assetId": "W5b0V4_JmHYlf",
          "checksum": "ee57da563af3bcba1f0f067919fd42c3"
        },
        {
          "type": "renderModule",
          "assetId": "WRmaEQO_6qx2h",
          "checksum": "4671b16919381fbdc2fd231986bfd6ec"
        },
        {
          "type": "cssRules",
          "assetId": "WRmaEQO_6qx2h",
          "checksum": "4671b16919381fbdc2fd231986bfd6ec"
        },
        {
          "type": "renderModule",
          "assetId": "d_tKrasPB8PCN",
          "checksum": "427e429a7965922e8391db8fa5d9af5e"
        },
        {
          "type": "cssRules",
          "assetId": "d_tKrasPB8PCN",
          "checksum": "427e429a7965922e8391db8fa5d9af5e"
        },
        {
          "type": "renderModule",
          "assetId": "JBOg022ieg8Ip",
          "checksum": "2337bb3c260c94def380ee2ff2b70120"
        },
        {
          "type": "cssRules",
          "assetId": "JBOg022ieg8Ip",
          "checksum": "2337bb3c260c94def380ee2ff2b70120"
        },
        {
          "type": "renderModule",
          "assetId": "JX9-2bz0PXlZ4",
          "checksum": "6917f379fe0295b0951071f72e371333"
        },
        {
          "type": "cssRules",
          "assetId": "JX9-2bz0PXlZ4",
          "checksum": "6917f379fe0295b0951071f72e371333"
        }
      ],
      "codegenVersion": "0.0.1"
    }
  ],
  "cliVersion": "0.1.186"
}
